PODS:
  - Flutter (1.0.0)
  - umeng_plugin (0.0.1):
    - Flutter
    - UMengAnalytics
  - UMengAnalytics (4.2.4)

DEPENDENCIES:
  - Flutter (from `Flutter`)
  - umeng_plugin (from `.symlinks/plugins/umeng_plugin/ios`)

SPEC REPOS:
  trunk:
    - UMengAnalytics

EXTERNAL SOURCES:
  Flutter:
    :path: Flutter
  umeng_plugin:
    :path: ".symlinks/plugins/umeng_plugin/ios"

SPEC CHECKSUMS:
  Flutter: 0e3d915762c693b495b44d77113d4970485de6ec
  umeng_plugin: db9b13b82b460920571825d2802ce3494d7c7a7f
  UMengAnalytics: ef8d45f94c0e5771dc364cf6a5731d9d3b101da2

PODFILE CHECKSUM: f32fb4e7c14f8b3ca19a369d7be425dd9241af27

COCOAPODS: 1.9.1
